Microsoft Visual Studio Solution File, Format Version 12.00
# Visual Studio Version 17
VisualStudioVersion = 17.0.31903.59
MinimumVisualStudioVersion = 10.0.40219.1
Project("{FAE04EC0-301F-11D3-BF4B-00C04F79EFBC}") = "TypeClipboard", "TypeClipboard\TypeClipboard.csproj", "{646F3AB5-46AC-496E-87A0-F93B413E20D9}"
EndProject
Global
	GlobalSection(SolutionConfigurationPlatforms) = preSolution
		Debug|Any CPU = Debug|Any CPU
		Release|Any CPU = Release|Any CPU
	EndGlobalSection
	GlobalSection(ProjectConfigurationPlatforms) = postSolution
		{646F3AB5-46AC-496E-87A0-F93B413E20D9}.Debug|Any CPU.ActiveCfg = Debug|Any CPU
		{646F3AB5-46AC-496E-87A0-F93B413E20D9}.Debug|Any CPU.Build.0 = Debug|Any CPU
		{646F3AB5-46AC-496E-87A0-F93B413E20D9}.Release|Any CPU.ActiveCfg = Release|Any CPU
		{646F3AB5-46AC-496E-87A0-F93B413E20D9}.Release|Any CPU.Build.0 = Release|Any CPU
	EndGlobalSection
	GlobalSection(SolutionProperties) = preSolution
		HideSolutionNode = FALSE
	EndGlobalSection
	GlobalSection(ExtensibilityGlobals) = postSolution
		SolutionGuid = {E1168669-F152-401C-B131-17F809782D4B}
	EndGlobalSection
EndGlobal
